// !$*UTF8*$!
{
	archiveVersion = 1;
	classes = {
	};
	objectVersion = 48;
	objects = {

/* Begin PBXBuildFile section */
		684266621F86A0E1006609EF /* AppDelegate.m in Sources */ = {isa = PBXBuildFile; fileRef = 684266611F86A0E1006609EF /* AppDelegate.m */; };
		684266651F86A0E1006609EF /* ViewController.m in Sources */ = {isa = PBXBuildFile; fileRef = 684266641F86A0E1006609EF /* ViewController.m */; };
		684266681F86A0E1006609EF /* Main.storyboard in Resources */ = {isa = PBXBuildFile; fileRef = 684266661F86A0E1006609EF /* Main.storyboard */; };
		6842666A1F86A0E1006609EF /* Assets.xcassets in Resources */ = {isa = PBXBuildFile; fileRef = 684266691F86A0E1006609EF /* Assets.xcassets */; };
		6842666D1F86A0E1006609EF /* LaunchScreen.storyboard in Resources */ = {isa = PBXBuildFile; fileRef = 6842666B1F86A0E1006609EF /* LaunchScreen.storyboard */; };
		684266701F86A0E1006609EF /* main.m in Sources */ = {isa = PBXBuildFile; fileRef = 6842666F1F86A0E1006609EF /* main.m */; };
		B2D65BAC1E619CC908B97685 /* libPods-WagCodeChallenge.a in Frameworks */ = {isa = PBXBuildFile; fileRef = DBC3485F1B21E047C1DD77F9 /* libPods-WagCodeChallenge.a */; };
/* End PBXBuildFile section */

/* Begin PBXFileReference section */
		6842665D1F86A0E1006609EF /* WagCodeChallenge.app */ = {isa = PBXFileReference; explicitFileType = wrapper.application; includeInIndex = 0; path = WagCodeChallenge.app; sourceTree = BUILT_PRODUCTS_DIR; };
		684266601F86A0E1006609EF /* AppDelegate.h */ = {isa = PBXFileReference; lastKnownFileType = sourcecode.c.h; path = AppDelegate.h; sourceTree = "<group>"; };
		684266611F86A0E1006609EF /* AppDelegate.m */ = {isa = PBXFileReference; lastKnownFileType = sourcecode.c.objc; path = AppDelegate.m; sourceTree = "<group>"; };
		684266631F86A0E1006609EF /* ViewController.h */ = {isa = PBXFileReference; lastKnownFileType = sourcecode.c.h; path = ViewController.h; sourceTree = "<group>"; };
		684266641F86A0E1006609EF /* ViewController.m */ = {isa = PBXFileReference; lastKnownFileType = sourcecode.c.objc; path = ViewController.m; sourceTree = "<group>"; };
		684266671F86A0E1006609EF /* Base */ = {isa = PBXFileReference; lastKnownFileType = file.storyboard; name = Base; path = Base.lproj/Main.storyboard; sourceTree = "<group>"; };
		684266691F86A0E1006609EF /* Assets.xcassets */ = {isa = PBXFileReference; lastKnownFileType = folder.assetcatalog; path = Assets.xcassets; sourceTree = "<group>"; };
		6842666C1F86A0E1006609EF /* Base */ = {isa = PBXFileReference; lastKnownFileType = file.storyboard; name = Base; path = Base.lproj/LaunchScreen.storyboard; sourceTree = "<group>"; };
		6842666E1F86A0E1006609EF /* Info.plist */ = {isa = PBXFileReference; lastKnownFileType = text.plist.xml; path = Info.plist; sourceTree = "<group>"; };
		6842666F1F86A0E1006609EF /* main.m */ = {isa = PBXFileReference; lastKnownFileType = sourcecode.c.objc; path = main.m; sourceTree = "<group>"; };
		6C9440AF1EEA09612CDD3A49 /* Pods-WagCodeChallenge.debug.xcconfig */ = {isa = PBXFileReference; includeInIndex = 1; lastKnownFileType = text.xcconfig; name = "Pods-WagCodeChallenge.debug.xcconfig"; path = "Pods/Target Support Files/Pods-WagCodeChallenge/Pods-WagCodeChallenge.debug.xcconfig"; sourceTree = "<group>"; };
		D2481834B639450BF18CF8A8 /* Pods-WagCodeChallenge.release.xcconfig */ = {isa = PBXFileReference; includeInIndex = 1; lastKnownFileType = text.xcconfig; name = "Pods-WagCodeChallenge.release.xcconfig"; path = "Pods/Target Support Files/Pods-WagCodeChallenge/Pods-WagCodeChallenge.release.xcconfig"; sourceTree = "<group>"; };
		DBC3485F1B21E047C1DD77F9 /* libPods-WagCodeChallenge.a */ = {isa = PBXFileReference; explicitFileType = archive.ar; includeInIndex = 0; path = "libPods-WagCodeChallenge.a"; sourceTree = BUILT_PRODUCTS_DIR; };
/* End PBXFileReference section */

/* Begin PBXFrameworksBuildPhase section */
		6842665A1F86A0E1006609EF /* Frameworks */ = {
			isa = PBXFrameworksBuildPhase;
			buildActionMask = 2147483647;
			files = (
				B2D65BAC1E619CC908B97685 /* libPods-WagCodeChallenge.a in Frameworks */,
			);
			runOnlyForDeploymentPostprocessing = 0;
		};
/* End PBXFrameworksBuildPhase section */

/* Begin PBXGroup section */
		16B8ED12AAE8597834E2CD11 /* Frameworks */ = {
			isa = PBXGroup;
			children = (
				DBC3485F1B21E047C1DD77F9 /* libPods-WagCodeChallenge.a */,
			);
			name = Frameworks;
			sourceTree = "<group>";
		};
		684266541F86A0E1006609EF = {
			isa = PBXGroup;
			children = (
				6842665F1F86A0E1006609EF /* WagCodeChallenge */,
				6842665E1F86A0E1006609EF /* Products */,
				DD3B49A2B337DC278780318E /* Pods */,
				16B8ED12AAE8597834E2CD11 /* Frameworks */,
			);
			sourceTree = "<group>";
		};
		6842665E1F86A0E1006609EF /* Products */ = {
			isa = PBXGroup;
			children = (
				6842665D1F86A0E1006609EF /* WagCodeChallenge.app */,
			);
			name = Products;
			sourceTree = "<group>";
		};
		6842665F1F86A0E1006609EF /* WagCodeChallenge */ = {
			isa = PBXGroup;
			children = (
				684266601F86A0E1006609EF /* AppDelegate.h */,
				684266611F86A0E1006609EF /* AppDelegate.m */,
				684266631F86A0E1006609EF /* ViewController.h */,
				684266641F86A0E1006609EF /* ViewController.m */,
				684266661F86A0E1006609EF /* Main.storyboard */,
				684266691F86A0E1006609EF /* Assets.xcassets */,
				6842666B1F86A0E1006609EF /* LaunchScreen.storyboard */,
				6842666E1F86A0E1006609EF /* Info.plist */,
				6842666F1F86A0E1006609EF /* main.m */,
			);
			path = WagCodeChallenge;
			sourceTree = "<group>";
		};
		DD3B49A2B337DC278780318E /* Pods */ = {
			isa = PBXGroup;
			children = (
				6C9440AF1EEA09612CDD3A49 /* Pods-WagCodeChallenge.debug.xcconfig */,
				D2481834B639450BF18CF8A8 /* Pods-WagCodeChallenge.release.xcconfig */,
			);
			name = Pods;
			sourceTree = "<group>";
		};
/* End PBXGroup section */

/* Begin PBXNativeTarget section */
		6842665C1F86A0E1006609EF /* WagCodeChallenge */ = {
			isa = PBXNativeTarget;
			buildConfigurationList = 684266731F86A0E1006609EF /* Build configuration list for PBXNativeTarget "WagCodeChallenge" */;
			buildPhases = (
				84A582BB2B5A0BFD144551F6 /* [CP] Check Pods Manifest.lock */,
				684266591F86A0E1006609EF /* Sources */,
				6842665A1F86A0E1006609EF /* Frameworks */,
				6842665B1F86A0E1006609EF /* Resources */,
				1FA7516286CE8D124836906B /* [CP] Embed Pods Frameworks */,
				E44D71A9B5B4236D0D66186B /* [CP] Copy Pods Resources */,
			);
			buildRules = (
			);
			dependencies = (
			);
			name = WagCodeChallenge;
			productName = WagCodeChallenge;
			productReference = 6842665D1F86A0E1006609EF /* WagCodeChallenge.app */;
			productType = "com.apple.product-type.application";
		};
/* End PBXNativeTarget section */

/* Begin PBXProject section */
		684266551F86A0E1006609EF /* Project object */ = {
			isa = PBXProject;
			attributes = {
				LastUpgradeCheck = 0900;
				ORGANIZATIONNAME = "Anthony Dreessen";
				TargetAttributes = {
					6842665C1F86A0E1006609EF = {
						CreatedOnToolsVersion = 9.0;
						ProvisioningStyle = Automatic;
					};
				};
			};
			buildConfigurationList = 684266581F86A0E1006609EF /* Build configuration list for PBXProject "WagCodeChallenge" */;
			compatibilityVersion = "Xcode 8.0";
			developmentRegion = en;
			hasScannedForEncodings = 0;
			knownRegions = (
				en,
				Base,
			);
			mainGroup = 684266541F86A0E1006609EF;
			productRefGroup = 6842665E1F86A0E1006609EF /* Products */;
			projectDirPath = "";
			projectRoot = "";
			targets = (
				6842665C1F86A0E1006609EF /* WagCodeChallenge */,
			);
		};
/* End PBXProject section */

/* Begin PBXResourcesBuildPhase section */
		6842665B1F86A0E1006609EF /* Resources */ = {
			isa = PBXResourcesBuildPhase;
			buildActionMask = 2147483647;
			files = (
				6842666D1F86A0E1006609EF /* LaunchScreen.storyboard in Resources */,
				6842666A1F86A0E1006609EF /* Assets.xcassets in Resources */,
				684266681F86A0E1006609EF /* Main.storyboard in Resources */,
			);
			runOnlyForDeploymentPostprocessing = 0;
		};
/* End PBXResourcesBuildPhase section */

/* Begin PBXShellScriptBuildPhase section */
		1FA7516286CE8D124836906B /* [CP] Embed Pods Frameworks */ = {
			isa = PBXShellScriptBuildPhase;
			buildActionMask = 2147483647;
			files = (
			);
			inputPaths = (
			);
			name = "[CP] Embed Pods Frameworks";
			outputPaths = (
			);
			runOnlyForDeploymentPostprocessing = 0;
			shellPath = /bin/sh;
			shellScript = "\"${SRCROOT}/Pods/Target Support Files/Pods-WagCodeChallenge/Pods-WagCodeChallenge-frameworks.sh\"\n";
			showEnvVarsInLog = 0;
		};
		84A582BB2B5A0BFD144551F6 /* [CP] Check Pods Manifest.lock */ = {
			isa = PBXShellScriptBuildPhase;
			buildActionMask = 2147483647;
			files = (
			);
			inputPaths = (
			);
			name = "[CP] Check Pods Manifest.lock";
			outputPaths = (
			);
			runOnlyForDeploymentPostprocessing = 0;
			shellPath = /bin/sh;
			shellScript = "diff \"${PODS_PODFILE_DIR_PATH}/Podfile.lock\" \"${PODS_ROOT}/Manifest.lock\" > /dev/null\nif [ $? != 0 ] ; then\n    # print error to STDERR\n    echo \"error: The sandbox is not in sync with the Podfile.lock. Run 'pod install' or update your CocoaPods installation.\" >&2\n    exit 1\nfi\n";
			showEnvVarsInLog = 0;
		};
		E44D71A9B5B4236D0D66186B /* [CP] Copy Pods Resources */ = {
			isa = PBXShellScriptBuildPhase;
			buildActionMask = 2147483647;
			files = (
			);
			inputPaths = (
			);
			name = "[CP] Copy Pods Resources";
			outputPaths = (
			);
			runOnlyForDeploymentPostprocessing = 0;
			shellPath = /bin/sh;
			shellScript = "\"${SRCROOT}/Pods/Target Support Files/Pods-WagCodeChallenge/Pods-WagCodeChallenge-resources.sh\"\n";
			showEnvVarsInLog = 0;
		};
/* End PBXShellScriptBuildPhase section */

/* Begin PBXSourcesBuildPhase section */
		684266591F86A0E1006609EF /* Sources */ = {
			isa = PBXSourcesBuildPhase;
			buildActionMask = 2147483647;
			files = (
				684266651F86A0E1006609EF /* ViewController.m in Sources */,
				684266701F86A0E1006609EF /* main.m in Sources */,
				684266621F86A0E1006609EF /* AppDelegate.m in Sources */,
			);
			runOnlyForDeploymentPostprocessing = 0;
		};
/* End PBXSourcesBuildPhase section */

/* Begin PBXVariantGroup section */
		684266661F86A0E1006609EF /* Main.storyboard */ = {
			isa = PBXVariantGroup;
			children = (
				684266671F86A0E1006609EF /* Base */,
			);
			name = Main.storyboard;
			sourceTree = "<group>";
		};
		6842666B1F86A0E1006609EF /* LaunchScreen.storyboard */ = {
			isa = PBXVariantGroup;
			children = (
				6842666C1F86A0E1006609EF /* Base */,
			);
			name = LaunchScreen.storyboard;
			sourceTree = "<group>";
		};
/* End PBXVariantGroup section */

/* Begin XCBuildConfiguration section */
		684266711F86A0E1006609EF /* Debug */ = {
			isa = XCBuildConfiguration;
			buildSettings = {
				ALWAYS_SEARCH_USER_PATHS = NO;
				CLANG_ANALYZER_NONNULL = YES;
				CLANG_ANALYZER_NUMBER_OBJECT_CONVERSION = YES_AGGRESSIVE;
				CLANG_CXX_LANGUAGE_STANDARD = "gnu++14";
				CLANG_CXX_LIBRARY = "libc++";
				CLANG_ENABLE_MODULES = YES;
				CLANG_ENABLE_OBJC_ARC = YES;
				CLANG_WARN_BLOCK_CAPTURE_AUTORELEASING = YES;
				CLANG_WARN_BOOL_CONVERSION = YES;
				CLANG_WARN_COMMA = YES;
				CLANG_WARN_CONSTANT_CONVERSION = YES;
				CLANG_WARN_DIRECT_OBJC_ISA_USAGE = YES_ERROR;
				CLANG_WARN_DOCUMENTATION_COMMENTS = YES;
				CLANG_WARN_EMPTY_BODY = YES;
				CLANG_WARN_ENUM_CONVERSION = YES;
				CLANG_WARN_INFINITE_RECURSION = YES;
				CLANG_WARN_INT_CONVERSION = YES;
				CLANG_WARN_NON_LITERAL_NULL_CONVERSION = YES;
				CLANG_WARN_OBJC_LITERAL_CONVERSION = YES;
				CLANG_WARN_OBJC_ROOT_CLASS = YES_ERROR;
				CLANG_WARN_RANGE_LOOP_ANALYSIS = YES;
				CLANG_WARN_STRICT_PROTOTYPES = YES;
				CLANG_WARN_SUSPICIOUS_MOVE = YES;
				CLANG_WARN_UNGUARDED_AVAILABILITY = YES_AGGRESSIVE;
				CLANG_WARN_UNREACHABLE_CODE = YES;
				CLANG_WARN__DUPLICATE_METHOD_MATCH = YES;
				CODE_SIGN_IDENTITY = "iPhone Developer";
				COPY_PHASE_STRIP = NO;
				DEBUG_INFORMATION_FORMAT = dwarf;
				ENABLE_STRICT_OBJC_MSGSEND = YES;
				ENABLE_TESTABILITY = YES;
				GCC_C_LANGUAGE_STANDARD = gnu11;
				GCC_DYNAMIC_NO_PIC = NO;
				GCC_NO_COMMON_BLOCKS = YES;
				GCC_OPTIMIZATION_LEVEL = 0;
				GCC_PREPROCESSOR_DEFINITIONS = (
					"DEBUG=1",
					"$(inherited)",
				);
				GCC_WARN_64_TO_32_BIT_CONVERSION = YES;
				GCC_WARN_ABOUT_RETURN_TYPE = YES_ERROR;
				GCC_WARN_UNDECLARED_SELECTOR = YES;
				GCC_WARN_UNINITIALIZED_AUTOS = YES_AGGRESSIVE;
				GCC_WARN_UNUSED_FUNCTION = YES;
				GCC_WARN_UNUSED_VARIABLE = YES;
				IPHONEOS_DEPLOYMENT_TARGET = 11.0;
				MTL_ENABLE_DEBUG_INFO = YES;
				ONLY_ACTIVE_ARCH = YES;
				SDKROOT = iphoneos;
			};
			name = Debug;
		};
		684266721F86A0E1006609EF /* Release */ = {
			isa = XCBuildConfiguration;
			buildSettings = {
				ALWAYS_SEARCH_USER_PATHS = NO;
				CLANG_ANALYZER_NONNULL = YES;
				CLANG_ANALYZER_NUMBER_OBJECT_CONVERSION = YES_AGGRESSIVE;
				CLANG_CXX_LANGUAGE_STANDARD = "gnu++14";
				CLANG_CXX_LIBRARY = "libc++";
				CLANG_ENABLE_MODULES = YES;
				CLANG_ENABLE_OBJC_ARC = YES;
				CLANG_WARN_BLOCK_CAPTURE_AUTORELEASING = YES;
				CLANG_WARN_BOOL_CONVERSION = YES;
				CLANG_WARN_COMMA = YES;
				CLANG_WARN_CONSTANT_CONVERSION = YES;
				CLANG_WARN_DIRECT_OBJC_ISA_USAGE = YES_ERROR;
				CLANG_WARN_DOCUMENTATION_COMMENTS = YES;
				CLANG_WARN_EMPTY_BODY = YES;
				CLANG_WARN_ENUM_CONVERSION = YES;
				CLANG_WARN_INFINITE_RECURSION = YES;
				CLANG_WARN_INT_CONVERSION = YES;
				CLANG_WARN_NON_LITERAL_NULL_CONVERSION = YES;
				CLANG_WARN_OBJC_LITERAL_CONVERSION = YES;
				CLANG_WARN_OBJC_ROOT_CLASS = YES_ERROR;
				CLANG_WARN_RANGE_LOOP_ANALYSIS = YES;
				CLANG_WARN_STRICT_PROTOTYPES = YES;
				CLANG_WARN_SUSPICIOUS_MOVE = YES;
				CLANG_WARN_UNGUARDED_AVAILABILITY = YES_AGGRESSIVE;
				CLANG_WARN_UNREACHABLE_CODE = YES;
				CLANG_WARN__DUPLICATE_METHOD_MATCH = YES;
				CODE_SIGN_IDENTITY = "iPhone Developer";
				COPY_PHASE_STRIP = NO;
				DEBUG_INFORMATION_FORMAT = "dwarf-with-dsym";
				ENABLE_NS_ASSERTIONS = NO;
				ENABLE_STRICT_OBJC_MSGSEND = YES;
				GCC_C_LANGUAGE_STANDARD = gnu11;
				GCC_NO_COMMON_BLOCKS = YES;
				GCC_WARN_64_TO_32_BIT_CONVERSION = YES;
				GCC_WARN_ABOUT_RETURN_TYPE = YES_ERROR;
				GCC_WARN_UNDECLARED_SELECTOR = YES;
				GCC_WARN_UNINITIALIZED_AUTOS = YES_AGGRESSIVE;
				GCC_WARN_UNUSED_FUNCTION = YES;
				GCC_WARN_UNUSED_VARIABLE = YES;
				IPHONEOS_DEPLOYMENT_TARGET = 11.0;
				MTL_ENABLE_DEBUG_INFO = NO;
				SDKROOT = iphoneos;
				VALIDATE_PRODUCT = YES;
			};
			name = Release;
		};
		684266741F86A0E1006609EF /* Debug */ = {
			isa = XCBuildConfiguration;
			baseConfigurationReference = 6C9440AF1EEA09612CDD3A49 /* Pods-WagCodeChallenge.debug.xcconfig */;
			buildSettings = {
				ASSETCATALOG_COMPILER_APPICON_NAME = AppIcon;
				CODE_SIGN_STYLE = Automatic;
				DEVELOPMENT_TEAM = 4B7DE34FPW;
				INFOPLIST_FILE = WagCodeChallenge/Info.plist;
				LD_RUNPATH_SEARCH_PATHS = "$(inherited) @executable_path/Frameworks";
				PRODUCT_BUNDLE_IDENTIFIER = CodeChallenge.WagCodeChallenge;
				PRODUCT_NAME = "$(TARGET_NAME)";
				TARGETED_DEVICE_FAMILY = "1,2";
			};
			name = Debug;
		};
		684266751F86A0E1006609EF /* Release */ = {
			isa = XCBuildConfiguration;
			baseConfigurationReference = D2481834B639450BF18CF8A8 /* Pods-WagCodeChallenge.release.xcconfig */;
			buildSettings = {
				ASSETCATALOG_COMPILER_APPICON_NAME = AppIcon;
				CODE_SIGN_STYLE = Automatic;
				DEVELOPMENT_TEAM = 4B7DE34FPW;
				INFOPLIST_FILE = WagCodeChallenge/Info.plist;
				LD_RUNPATH_SEARCH_PATHS = "$(inherited) @executable_path/Frameworks";
				PRODUCT_BUNDLE_IDENTIFIER = CodeChallenge.WagCodeChallenge;
				PRODUCT_NAME = "$(TARGET_NAME)";
				TARGETED_DEVICE_FAMILY = "1,2";
			};
			name = Release;
		};
/* End XCBuildConfiguration section */

/* Begin XCConfigurationList section */
		684266581F86A0E1006609EF /* Build configuration list for PBXProject "WagCodeChallenge" */ = {
			isa = XCConfigurationList;
			buildConfigurations = (
				684266711F86A0E1006609EF /* Debug */,
				684266721F86A0E1006609EF /* Release */,
			);
			defaultConfigurationIsVisible = 0;
			defaultConfigurationName = Release;
		};
		684266731F86A0E1006609EF /* Build configuration list for PBXNativeTarget "WagCodeChallenge" */ = {
			isa = XCConfigurationList;
			buildConfigurations = (
				684266741F86A0E1006609EF /* Debug */,
				684266751F86A0E1006609EF /* Release */,
			);
			defaultConfigurationIsVisible = 0;
			defaultConfigurationName = Release;
		};
/* End XCConfigurationList section */
	};
	rootObject = 684266551F86A0E1006609EF /* Project object */;
}
